
Microsoft Visual Studio Solution File, Format Version 12.00
# Visual Studio Version 17
VisualStudioVersion = 17.6.33815.320
MinimumVisualStudioVersion = 10.0.40219.1
Project("{FAE04EC0-301F-11D3-BF4B-00C04F79EFBC}") = "Saveblazers", "Saveblazers.csproj", "{930219A9-1D64-4FA5-B4EA-9C7D069EACDA}"
EndProject
Global
	GlobalSection(SolutionConfigurationPlatforms) = preSolution
		Debug|Any CPU = Debug|Any CPU
		Release|Any CPU = Release|Any CPU
	EndGlobalSection
	GlobalSection(ProjectConfigurationPlatforms) = postSolution
		{930219A9-1D64-4FA5-B4EA-9C7D069EACDA}.Debug|Any CPU.ActiveCfg = Debug|Any CPU
		{930219A9-1D64-4FA5-B4EA-9C7D069EACDA}.Debug|Any CPU.Build.0 = Debug|Any CPU
		{930219A9-1D64-4FA5-B4EA-9C7D069EACDA}.Release|Any CPU.ActiveCfg = Release|Any CPU
		{930219A9-1D64-4FA5-B4EA-9C7D069EACDA}.Release|Any CPU.Build.0 = Release|Any CPU
	EndGlobalSection
	GlobalSection(SolutionProperties) = preSolution
		HideSolutionNode = FALSE
	EndGlobalSection
	GlobalSection(ExtensibilityGlobals) = postSolution
		SolutionGuid = {22E96872-1DB9-4C7B-9F92-08FDC6D120C1}
	EndGlobalSection
EndGlobal
